PODS:
  - Flutter (1.0.0)
  - flutter_web_auth (0.4.3):
    - Flutter
  - path_provider_foundation (0.0.1):
    - Flutter
    - FlutterMacOS
  - url_launcher_ios (0.0.1):
    - Flutter
  - webview_flutter_wkwebview (0.0.1):
    - Flutter

DEPENDENCIES:
  - Flutter (from `Flutter`)
  - flutter_web_auth (from `.symlinks/plugins/flutter_web_auth/ios`)
  - path_provider_foundation (from `.symlinks/plugins/path_provider_foundation/darwin`)
  - url_launcher_ios (from `.symlinks/plugins/url_launcher_ios/ios`)
  - webview_flutter_wkwebview (from `.symlinks/plugins/webview_flutter_wkwebview/ios`)

EXTERNAL SOURCES:
  Flutter:
    :path: Flutter
  flutter_web_auth:
    :path: ".symlinks/plugins/flutter_web_auth/ios"
  path_provider_foundation:
    :path: ".symlinks/plugins/path_provider_foundation/darwin"
  url_launcher_ios:
    :path: ".symlinks/plugins/url_launcher_ios/ios"
  webview_flutter_wkwebview:
    :path: ".symlinks/plugins/webview_flutter_wkwebview/ios"

SPEC CHECKSUMS:
  Flutter: f04841e97a9d0b0a8025694d0796dd46242b2854
  flutter_web_auth: 71382897b8dc10ad94a2928cbb09ddf515749808
  path_provider_foundation: 3784922295ac71e43754bd15e0653ccfd36a147c
  url_launcher_ios: bbd758c6e7f9fd7b5b1d4cde34d2b95fcce5e812
  webview_flutter_wkwebview: 4f3e50f7273d31e5500066ed267e3ae4309c5ae4

PODFILE CHECKSUM: a57f30d18f102dd3ce366b1d62a55ecbef2158e5

COCOAPODS: 1.15.0
